
Microsoft Visual Studio Solution File, Format Version 12.00
# Visual Studio 15
VisualStudioVersion = 15.0.27703.2000
MinimumVisualStudioVersion = 10.0.40219.1
Project("{FAE04EC0-301F-11D3-BF4B-00C04F79EFBC}") = "SignalRChatApp", "SignalRChatApp\SignalRChatApp.csproj", "{C55983C9-49E7-4A59-A929-62409EB5820A}"
EndProject
Global
	GlobalSection(SolutionConfigurationPlatforms) = preSolution
		Debug|Any CPU = Debug|Any CPU
		Release|Any CPU = Release|Any CPU
	EndGlobalSection
	GlobalSection(ProjectConfigurationPlatforms) = postSolution
		{C55983C9-49E7-4A59-A929-62409EB5820A}.Debug|Any CPU.ActiveCfg = Debug|Any CPU
		{C55983C9-49E7-4A59-A929-62409EB5820A}.Debug|Any CPU.Build.0 = Debug|Any CPU
		{C55983C9-49E7-4A59-A929-62409EB5820A}.Release|Any CPU.ActiveCfg = Release|Any CPU
		{C55983C9-49E7-4A59-A929-62409EB5820A}.Release|Any CPU.Build.0 = Release|Any CPU
	EndGlobalSection
	GlobalSection(SolutionProperties) = preSolution
		HideSolutionNode = FALSE
	EndGlobalSection
	GlobalSection(ExtensibilityGlobals) = postSolution
		SolutionGuid = {15FEAE43-572F-4B70-B3CB-ECBDF73591F1}
	EndGlobalSection
EndGlobal
